// !$*UTF8*$!
{
	archiveVersion = 1;
	classes = {
	};
	objectVersion = 55;
	objects = {

/* Begin PBXBuildFile section */
		C330800E286A27AA003DA8E5 /* SocialcademyApp.swift in Sources */ = {isa = PBXBuildFile; fileRef = C330800D286A27AA003DA8E5 /* SocialcademyApp.swift */; };
		C3308012286A27AF003DA8E5 /* Assets.xcassets in Resources */ = {isa = PBXBuildFile; fileRef = C3308011286A27AF003DA8E5 /* Assets.xcassets */; };
		C3308015286A27AF003DA8E5 /* Preview Assets.xcassets in Resources */ = {isa = PBXBuildFile; fileRef = C3308014286A27AF003DA8E5 /* Preview Assets.xcassets */; };
		C330801D286A294D003DA8E5 /* FirebaseAnalytics in Frameworks */ = {isa = PBXBuildFile; productRef = C330801C286A294D003DA8E5 /* FirebaseAnalytics */; };
		C330801F286A294D003DA8E5 /* FirebaseFirestore in Frameworks */ = {isa = PBXBuildFile; productRef = C330801E286A294D003DA8E5 /* FirebaseFirestore */; };
		C3308021286A294D003DA8E5 /* FirebaseFirestoreSwift in Frameworks */ = {isa = PBXBuildFile; productRef = C3308020286A294D003DA8E5 /* FirebaseFirestoreSwift */; };
		C3308023286A2B40003DA8E5 /* GoogleService-Info.plist in Resources */ = {isa = PBXBuildFile; fileRef = C3308022286A2B40003DA8E5 /* GoogleService-Info.plist */; };
		C3308028286A2D67003DA8E5 /* Post.swift in Sources */ = {isa = PBXBuildFile; fileRef = C3308027286A2D67003DA8E5 /* Post.swift */; };
		C330802A286A30E7003DA8E5 /* PostsList.swift in Sources */ = {isa = PBXBuildFile; fileRef = C3308029286A30E7003DA8E5 /* PostsList.swift */; };
		C330802C286A32FD003DA8E5 /* PostRow.swift in Sources */ = {isa = PBXBuildFile; fileRef = C330802B286A32FD003DA8E5 /* PostRow.swift */; };
		C330802E286B442C003DA8E5 /* NewPostForm.swift in Sources */ = {isa = PBXBuildFile; fileRef = C330802D286B442C003DA8E5 /* NewPostForm.swift */; };
		C3308031286B4A42003DA8E5 /* PostsViewModel.swift in Sources */ = {isa = PBXBuildFile; fileRef = C3308030286B4A42003DA8E5 /* PostsViewModel.swift */; };
		C3308034286DF48A003DA8E5 /* PostsRepository.swift in Sources */ = {isa = PBXBuildFile; fileRef = C3308033286DF48A003DA8E5 /* PostsRepository.swift */; };
		C330803728707112003DA8E5 /* Loadable.swift in Sources */ = {isa = PBXBuildFile; fileRef = C330803628707112003DA8E5 /* Loadable.swift */; };
		C330803A28707861003DA8E5 /* EmptyListView.swift in Sources */ = {isa = PBXBuildFile; fileRef = C330803928707861003DA8E5 /* EmptyListView.swift */; };
		C330803C287C8E63003DA8E5 /* Alert+Error.swift in Sources */ = {isa = PBXBuildFile; fileRef = C330803B287C8E63003DA8E5 /* Alert+Error.swift */; };
		C330803E287F2931003DA8E5 /* PostRowViewModel.swift in Sources */ = {isa = PBXBuildFile; fileRef = C330803D287F2931003DA8E5 /* PostRowViewModel.swift */; };
/* End PBXBuildFile section */

/* Begin PBXFileReference section */
		C330800A286A27AA003DA8E5 /* Socialcademy.app */ = {isa = PBXFileReference; explicitFileType = wrapper.application; includeInIndex = 0; path = Socialcademy.app; sourceTree = BUILT_PRODUCTS_DIR; };
		C330800D286A27AA003DA8E5 /* SocialcademyApp.swift */ = {isa = PBXFileReference; lastKnownFileType = sourcecode.swift; path = SocialcademyApp.swift; sourceTree = "<group>"; };
		C3308011286A27AF003DA8E5 /* Assets.xcassets */ = {isa = PBXFileReference; lastKnownFileType = folder.assetcatalog; path = Assets.xcassets; sourceTree = "<group>"; };
		C3308014286A27AF003DA8E5 /* Preview Assets.xcassets */ = {isa = PBXFileReference; lastKnownFileType = folder.assetcatalog; path = "Preview Assets.xcassets"; sourceTree = "<group>"; };
		C3308022286A2B40003DA8E5 /* GoogleService-Info.plist */ = {isa = PBXFileReference; fileEncoding = 4; lastKnownFileType = text.plist.xml; path = "GoogleService-Info.plist"; sourceTree = "<group>"; };
		C3308027286A2D67003DA8E5 /* Post.swift */ = {isa = PBXFileReference; lastKnownFileType = sourcecode.swift; path = Post.swift; sourceTree = "<group>"; };
		C3308029286A30E7003DA8E5 /* PostsList.swift */ = {isa = PBXFileReference; lastKnownFileType = sourcecode.swift; path = PostsList.swift; sourceTree = "<group>"; };
		C330802B286A32FD003DA8E5 /* PostRow.swift */ = {isa = PBXFileReference; lastKnownFileType = sourcecode.swift; path = PostRow.swift; sourceTree = "<group>"; };
		C330802D286B442C003DA8E5 /* NewPostForm.swift */ = {isa = PBXFileReference; lastKnownFileType = sourcecode.swift; path = NewPostForm.swift; sourceTree = "<group>"; };
		C3308030286B4A42003DA8E5 /* PostsViewModel.swift */ = {isa = PBXFileReference; lastKnownFileType = sourcecode.swift; path = PostsViewModel.swift; sourceTree = "<group>"; };
		C3308033286DF48A003DA8E5 /* PostsRepository.swift */ = {isa = PBXFileReference; lastKnownFileType = sourcecode.swift; path = PostsRepository.swift; sourceTree = "<group>"; };
		C330803628707112003DA8E5 /* Loadable.swift */ = {isa = PBXFileReference; lastKnownFileType = sourcecode.swift; path = Loadable.swift; sourceTree = "<group>"; };
		C330803928707861003DA8E5 /* EmptyListView.swift */ = {isa = PBXFileReference; lastKnownFileType = sourcecode.swift; path = EmptyListView.swift; sourceTree = "<group>"; };
		C330803B287C8E63003DA8E5 /* Alert+Error.swift */ = {isa = PBXFileReference; lastKnownFileType = sourcecode.swift; path = "Alert+Error.swift"; sourceTree = "<group>"; };
		C330803D287F2931003DA8E5 /* PostRowViewModel.swift */ = {isa = PBXFileReference; lastKnownFileType = sourcecode.swift; path = PostRowViewModel.swift; sourceTree = "<group>"; };
/* End PBXFileReference section */

/* Begin PBXFrameworksBuildPhase section */
		C3308007286A27AA003DA8E5 /* Frameworks */ = {
			isa = PBXFrameworksBuildPhase;
			buildActionMask = 2147483647;
			files = (
				C330801D286A294D003DA8E5 /* FirebaseAnalytics in Frameworks */,
				C330801F286A294D003DA8E5 /* FirebaseFirestore in Frameworks */,
				C3308021286A294D003DA8E5 /* FirebaseFirestoreSwift in Frameworks */,
			);
			runOnlyForDeploymentPostprocessing = 0;
		};
/* End PBXFrameworksBuildPhase section */

/* Begin PBXGroup section */
		C3308001286A27AA003DA8E5 = {
			isa = PBXGroup;
			children = (
				C330800C286A27AA003DA8E5 /* Socialcademy */,
				C330800B286A27AA003DA8E5 /* Products */,
			);
			sourceTree = "<group>";
		};
		C330800B286A27AA003DA8E5 /* Products */ = {
			isa = PBXGroup;
			children = (
				C330800A286A27AA003DA8E5 /* Socialcademy.app */,
			);
			name = Products;
			sourceTree = "<group>";
		};
		C330800C286A27AA003DA8E5 /* Socialcademy */ = {
			isa = PBXGroup;
			children = (
				C330800D286A27AA003DA8E5 /* SocialcademyApp.swift */,
				C330802F286B4A1C003DA8E5 /* View Models */,
				C3308026286A2D4F003DA8E5 /* Models */,
				C3308024286A2C9C003DA8E5 /* Views */,
				C3308032286DF467003DA8E5 /* Repositories */,
				C33080382870783B003DA8E5 /* Supporting Views */,
				C3308025286A2CA7003DA8E5 /* Resources */,
				C3308035287070F1003DA8E5 /* Utilities */,
			);
			path = Socialcademy;
			sourceTree = "<group>";
		};
		C3308013286A27AF003DA8E5 /* Preview Content */ = {
			isa = PBXGroup;
			children = (
				C3308014286A27AF003DA8E5 /* Preview Assets.xcassets */,
			);
			path = "Preview Content";
			sourceTree = "<group>";
		};
		C3308024286A2C9C003DA8E5 /* Views */ = {
			isa = PBXGroup;
			children = (
				C3308029286A30E7003DA8E5 /* PostsList.swift */,
				C330802B286A32FD003DA8E5 /* PostRow.swift */,
				C330802D286B442C003DA8E5 /* NewPostForm.swift */,
			);
			path = Views;
			sourceTree = "<group>";
		};
		C3308025286A2CA7003DA8E5 /* Resources */ = {
			isa = PBXGroup;
			children = (
				C3308011286A27AF003DA8E5 /* Assets.xcassets */,
				C3308022286A2B40003DA8E5 /* GoogleService-Info.plist */,
				C3308013286A27AF003DA8E5 /* Preview Content */,
			);
			path = Resources;
			sourceTree = "<group>";
		};
		C3308026286A2D4F003DA8E5 /* Models */ = {
			isa = PBXGroup;
			children = (
				C3308027286A2D67003DA8E5 /* Post.swift */,
			);
			path = Models;
			sourceTree = "<group>";
		};
		C330802F286B4A1C003DA8E5 /* View Models */ = {
			isa = PBXGroup;
			children = (
				C3308030286B4A42003DA8E5 /* PostsViewModel.swift */,
				C330803D287F2931003DA8E5 /* PostRowViewModel.swift */,
			);
			path = "View Models";
			sourceTree = "<group>";
		};
		C3308032286DF467003DA8E5 /* Repositories */ = {
			isa = PBXGroup;
			children = (
				C3308033286DF48A003DA8E5 /* PostsRepository.swift */,
			);
			path = Repositories;
			sourceTree = "<group>";
		};
		C3308035287070F1003DA8E5 /* Utilities */ = {
			isa = PBXGroup;
			children = (
				C330803628707112003DA8E5 /* Loadable.swift */,
			);
			path = Utilities;
			sourceTree = "<group>";
		};
		C33080382870783B003DA8E5 /* Supporting Views */ = {
			isa = PBXGroup;
			children = (
				C330803928707861003DA8E5 /* EmptyListView.swift */,
				C330803B287C8E63003DA8E5 /* Alert+Error.swift */,
			);
			path = "Supporting Views";
			sourceTree = "<group>";
		};
/* End PBXGroup section */

/* Begin PBXNativeTarget section */
		C3308009286A27AA003DA8E5 /* Socialcademy */ = {
			isa = PBXNativeTarget;
			buildConfigurationList = C3308018286A27AF003DA8E5 /* Build configuration list for PBXNativeTarget "Socialcademy" */;
			buildPhases = (
				C3308006286A27AA003DA8E5 /* Sources */,
				C3308007286A27AA003DA8E5 /* Frameworks */,
				C3308008286A27AA003DA8E5 /* Resources */,
			);
			buildRules = (
			);
			dependencies = (
			);
			name = Socialcademy;
			packageProductDependencies = (
				C330801C286A294D003DA8E5 /* FirebaseAnalytics */,
				C330801E286A294D003DA8E5 /* FirebaseFirestore */,
				C3308020286A294D003DA8E5 /* FirebaseFirestoreSwift */,
			);
			productName = Socialcademy;
			productReference = C330800A286A27AA003DA8E5 /* Socialcademy.app */;
			productType = "com.apple.product-type.application";
		};
/* End PBXNativeTarget section */

/* Begin PBXProject section */
		C3308002286A27AA003DA8E5 /* Project object */ = {
			isa = PBXProject;
			attributes = {
				BuildIndependentTargetsInParallel = 1;
				LastSwiftUpdateCheck = 1340;
				LastUpgradeCheck = 1340;
				TargetAttributes = {
					C3308009286A27AA003DA8E5 = {
						CreatedOnToolsVersion = 13.4.1;
					};
				};
			};
			buildConfigurationList = C3308005286A27AA003DA8E5 /* Build configuration list for PBXProject "Socialcademy" */;
			compatibilityVersion = "Xcode 13.0";
			developmentRegion = en;
			hasScannedForEncodings = 0;
			knownRegions = (
				en,
				Base,
			);
			mainGroup = C3308001286A27AA003DA8E5;
			packageReferences = (
				C330801B286A294D003DA8E5 /* XCRemoteSwiftPackageReference "firebase-ios-sdk" */,
			);
			productRefGroup = C330800B286A27AA003DA8E5 /* Products */;
			projectDirPath = "";
			projectRoot = "";
			targets = (
				C3308009286A27AA003DA8E5 /* Socialcademy */,
			);
		};
/* End PBXProject section */

/* Begin PBXResourcesBuildPhase section */
		C3308008286A27AA003DA8E5 /* Resources */ = {
			isa = PBXResourcesBuildPhase;
			buildActionMask = 2147483647;
			files = (
				C3308015286A27AF003DA8E5 /* Preview Assets.xcassets in Resources */,
				C3308012286A27AF003DA8E5 /* Assets.xcassets in Resources */,
				C3308023286A2B40003DA8E5 /* GoogleService-Info.plist in Resources */,
			);
			runOnlyForDeploymentPostprocessing = 0;
		};
/* End PBXResourcesBuildPhase section */

/* Begin PBXSourcesBuildPhase section */
		C3308006286A27AA003DA8E5 /* Sources */ = {
			isa = PBXSourcesBuildPhase;
			buildActionMask = 2147483647;
			files = (
				C330803E287F2931003DA8E5 /* PostRowViewModel.swift in Sources */,
				C3308028286A2D67003DA8E5 /* Post.swift in Sources */,
				C330800E286A27AA003DA8E5 /* SocialcademyApp.swift in Sources */,
				C3308034286DF48A003DA8E5 /* PostsRepository.swift in Sources */,
				C3308031286B4A42003DA8E5 /* PostsViewModel.swift in Sources */,
				C330802C286A32FD003DA8E5 /* PostRow.swift in Sources */,
				C330803728707112003DA8E5 /* Loadable.swift in Sources */,
				C330802A286A30E7003DA8E5 /* PostsList.swift in Sources */,
				C330803C287C8E63003DA8E5 /* Alert+Error.swift in Sources */,
				C330802E286B442C003DA8E5 /* NewPostForm.swift in Sources */,
				C330803A28707861003DA8E5 /* EmptyListView.swift in Sources */,
			);
			runOnlyForDeploymentPostprocessing = 0;
		};
/* End PBXSourcesBuildPhase section */

/* Begin XCBuildConfiguration section */
		C3308016286A27AF003DA8E5 /* Debug */ = {
			isa = XCBuildConfiguration;
			buildSettings = {
				ALWAYS_SEARCH_USER_PATHS = NO;
				CLANG_ANALYZER_NONNULL = YES;
				CLANG_ANALYZER_NUMBER_OBJECT_CONVERSION = YES_AGGRESSIVE;
				CLANG_CXX_LANGUAGE_STANDARD = "gnu++17";
				CLANG_ENABLE_MODULES = YES;
				CLANG_ENABLE_OBJC_ARC = YES;
				CLANG_ENABLE_OBJC_WEAK = YES;
				CLANG_WARN_BLOCK_CAPTURE_AUTORELEASING = YES;
				CLANG_WARN_BOOL_CONVERSION = YES;
				CLANG_WARN_COMMA = YES;
				CLANG_WARN_CONSTANT_CONVERSION = YES;
				CLANG_WARN_DEPRECATED_OBJC_IMPLEMENTATIONS = YES;
				CLANG_WARN_DIRECT_OBJC_ISA_USAGE = YES_ERROR;
				CLANG_WARN_DOCUMENTATION_COMMENTS = YES;
				CLANG_WARN_EMPTY_BODY = YES;
				CLANG_WARN_ENUM_CONVERSION = YES;
				CLANG_WARN_INFINITE_RECURSION = YES;
				CLANG_WARN_INT_CONVERSION = YES;
				CLANG_WARN_NON_LITERAL_NULL_CONVERSION = YES;
				CLANG_WARN_OBJC_IMPLICIT_RETAIN_SELF = YES;
				CLANG_WARN_OBJC_LITERAL_CONVERSION = YES;
				CLANG_WARN_OBJC_ROOT_CLASS = YES_ERROR;
				CLANG_WARN_QUOTED_INCLUDE_IN_FRAMEWORK_HEADER = YES;
				CLANG_WARN_RANGE_LOOP_ANALYSIS = YES;
				CLANG_WARN_STRICT_PROTOTYPES = YES;
				CLANG_WARN_SUSPICIOUS_MOVE = YES;
				CLANG_WARN_UNGUARDED_AVAILABILITY = YES_AGGRESSIVE;
				CLANG_WARN_UNREACHABLE_CODE = YES;
				CLANG_WARN__DUPLICATE_METHOD_MATCH = YES;
				COPY_PHASE_STRIP = NO;
				DEBUG_INFORMATION_FORMAT = dwarf;
				ENABLE_STRICT_OBJC_MSGSEND = YES;
				ENABLE_TESTABILITY = YES;
				GCC_C_LANGUAGE_STANDARD = gnu11;
				GCC_DYNAMIC_NO_PIC = NO;
				GCC_NO_COMMON_BLOCKS = YES;
				GCC_OPTIMIZATION_LEVEL = 0;
				GCC_PREPROCESSOR_DEFINITIONS = (
					"DEBUG=1",
					"$(inherited)",
				);
				GCC_WARN_64_TO_32_BIT_CONVERSION = YES;
				GCC_WARN_ABOUT_RETURN_TYPE = YES_ERROR;
				GCC_WARN_UNDECLARED_SELECTOR = YES;
				GCC_WARN_UNINITIALIZED_AUTOS = YES_AGGRESSIVE;
				GCC_WARN_UNUSED_FUNCTION = YES;
				GCC_WARN_UNUSED_VARIABLE = YES;
				IPHONEOS_DEPLOYMENT_TARGET = 15.5;
				MTL_ENABLE_DEBUG_INFO = INCLUDE_SOURCE;
				MTL_FAST_MATH = YES;
				ONLY_ACTIVE_ARCH = YES;
				SDKROOT = iphoneos;
				SWIFT_ACTIVE_COMPILATION_CONDITIONS = DEBUG;
				SWIFT_OPTIMIZATION_LEVEL = "-Onone";
			};
			name = Debug;
		};
		C3308017286A27AF003DA8E5 /* Release */ = {
			isa = XCBuildConfiguration;
			buildSettings = {
				ALWAYS_SEARCH_USER_PATHS = NO;
				CLANG_ANALYZER_NONNULL = YES;
				CLANG_ANALYZER_NUMBER_OBJECT_CONVERSION = YES_AGGRESSIVE;
				CLANG_CXX_LANGUAGE_STANDARD = "gnu++17";
				CLANG_ENABLE_MODULES = YES;
				CLANG_ENABLE_OBJC_ARC = YES;
				CLANG_ENABLE_OBJC_WEAK = YES;
				CLANG_WARN_BLOCK_CAPTURE_AUTORELEASING = YES;
				CLANG_WARN_BOOL_CONVERSION = YES;
				CLANG_WARN_COMMA = YES;
				CLANG_WARN_CONSTANT_CONVERSION = YES;
				CLANG_WARN_DEPRECATED_OBJC_IMPLEMENTATIONS = YES;
				CLANG_WARN_DIRECT_OBJC_ISA_USAGE = YES_ERROR;
				CLANG_WARN_DOCUMENTATION_COMMENTS = YES;
				CLANG_WARN_EMPTY_BODY = YES;
				CLANG_WARN_ENUM_CONVERSION = YES;
				CLANG_WARN_INFINITE_RECURSION = YES;
				CLANG_WARN_INT_CONVERSION = YES;
				CLANG_WARN_NON_LITERAL_NULL_CONVERSION = YES;
				CLANG_WARN_OBJC_IMPLICIT_RETAIN_SELF = YES;
				CLANG_WARN_OBJC_LITERAL_CONVERSION = YES;
				CLANG_WARN_OBJC_ROOT_CLASS = YES_ERROR;
				CLANG_WARN_QUOTED_INCLUDE_IN_FRAMEWORK_HEADER = YES;
				CLANG_WARN_RANGE_LOOP_ANALYSIS = YES;
				CLANG_WARN_STRICT_PROTOTYPES = YES;
				CLANG_WARN_SUSPICIOUS_MOVE = YES;
				CLANG_WARN_UNGUARDED_AVAILABILITY = YES_AGGRESSIVE;
				CLANG_WARN_UNREACHABLE_CODE = YES;
				CLANG_WARN__DUPLICATE_METHOD_MATCH = YES;
				COPY_PHASE_STRIP = NO;
				DEBUG_INFORMATION_FORMAT = "dwarf-with-dsym";
				ENABLE_NS_ASSERTIONS = NO;
				ENABLE_STRICT_OBJC_MSGSEND = YES;
				GCC_C_LANGUAGE_STANDARD = gnu11;
				GCC_NO_COMMON_BLOCKS = YES;
				GCC_WARN_64_TO_32_BIT_CONVERSION = YES;
				GCC_WARN_ABOUT_RETURN_TYPE = YES_ERROR;
				GCC_WARN_UNDECLARED_SELECTOR = YES;
				GCC_WARN_UNINITIALIZED_AUTOS = YES_AGGRESSIVE;
				GCC_WARN_UNUSED_FUNCTION = YES;
				GCC_WARN_UNUSED_VARIABLE = YES;
				IPHONEOS_DEPLOYMENT_TARGET = 15.5;
				MTL_ENABLE_DEBUG_INFO = NO;
				MTL_FAST_MATH = YES;
				SDKROOT = iphoneos;
				SWIFT_COMPILATION_MODE = wholemodule;
				SWIFT_OPTIMIZATION_LEVEL = "-O";
				VALIDATE_PRODUCT = YES;
			};
			name = Release;
		};
		C3308019286A27AF003DA8E5 /* Debug */ = {
			isa = XCBuildConfiguration;
			buildSettings = {
				ASSETCATALOG_COMPILER_APPICON_NAME = AppIcon;
				ASSETCATALOG_COMPILER_GLOBAL_ACCENT_COLOR_NAME = AccentColor;
				CODE_SIGN_STYLE = Automatic;
				CURRENT_PROJECT_VERSION = 1;
				DEVELOPMENT_ASSET_PATHS = "Socialcademy/Resources/Preview\\ Content";
				DEVELOPMENT_TEAM = 7679FU48BK;
				ENABLE_PREVIEWS = YES;
				GENERATE_INFOPLIST_FILE = YES;
				INFOPLIST_KEY_UIApplicationSceneManifest_Generation = YES;
				INFOPLIST_KEY_UIApplicationSupportsIndirectInputEvents = YES;
				INFOPLIST_KEY_UILaunchScreen_Generation = YES;
				INFOPLIST_KEY_UISupportedInterfaceOrientations_iPad = "UIInterfaceOrientationPortrait UIInterfaceOrientationPortraitUpsideDown UIInterfaceOrientationLandscapeLeft UIInterfaceOrientationLandscapeRight";
				INFOPLIST_KEY_UISupportedInterfaceOrientations_iPhone = "UIInterfaceOrientationPortrait UIInterfaceOrientationLandscapeLeft UIInterfaceOrientationLandscapeRight";
				IPHONEOS_DEPLOYMENT_TARGET = 15.0;
				LD_RUNPATH_SEARCH_PATHS = (
					"$(inherited)",
					"@executable_path/Frameworks",
				);
				MARKETING_VERSION = 1.0;
				PRODUCT_BUNDLE_IDENTIFIER = com.andreaskiesel.Socialcademy;
				PRODUCT_NAME = "$(TARGET_NAME)";
				SWIFT_EMIT_LOC_STRINGS = YES;
				SWIFT_VERSION = 5.0;
				TARGETED_DEVICE_FAMILY = "1,2";
			};
			name = Debug;
		};
		C330801A286A27AF003DA8E5 /* Release */ = {
			isa = XCBuildConfiguration;
			buildSettings = {
				ASSETCATALOG_COMPILER_APPICON_NAME = AppIcon;
				ASSETCATALOG_COMPILER_GLOBAL_ACCENT_COLOR_NAME = AccentColor;
				CODE_SIGN_STYLE = Automatic;
				CURRENT_PROJECT_VERSION = 1;
				DEVELOPMENT_ASSET_PATHS = "Socialcademy/Resources/Preview\\ Content";
				DEVELOPMENT_TEAM = 7679FU48BK;
				ENABLE_PREVIEWS = YES;
				GENERATE_INFOPLIST_FILE = YES;
				INFOPLIST_KEY_UIApplicationSceneManifest_Generation = YES;
				INFOPLIST_KEY_UIApplicationSupportsIndirectInputEvents = YES;
				INFOPLIST_KEY_UILaunchScreen_Generation = YES;
				INFOPLIST_KEY_UISupportedInterfaceOrientations_iPad = "UIInterfaceOrientationPortrait UIInterfaceOrientationPortraitUpsideDown UIInterfaceOrientationLandscapeLeft UIInterfaceOrientationLandscapeRight";
				INFOPLIST_KEY_UISupportedInterfaceOrientations_iPhone = "UIInterfaceOrientationPortrait UIInterfaceOrientationLandscapeLeft UIInterfaceOrientationLandscapeRight";
				IPHONEOS_DEPLOYMENT_TARGET = 15.0;
				LD_RUNPATH_SEARCH_PATHS = (
					"$(inherited)",
					"@executable_path/Frameworks",
				);
				MARKETING_VERSION = 1.0;
				PRODUCT_BUNDLE_IDENTIFIER = com.andreaskiesel.Socialcademy;
				PRODUCT_NAME = "$(TARGET_NAME)";
				SWIFT_EMIT_LOC_STRINGS = YES;
				SWIFT_VERSION = 5.0;
				TARGETED_DEVICE_FAMILY = "1,2";
			};
			name = Release;
		};
/* End XCBuildConfiguration section */

/* Begin XCConfigurationList section */
		C3308005286A27AA003DA8E5 /* Build configuration list for PBXProject "Socialcademy" */ = {
			isa = XCConfigurationList;
			buildConfigurations = (
				C3308016286A27AF003DA8E5 /* Debug */,
				C3308017286A27AF003DA8E5 /* Release */,
			);
			defaultConfigurationIsVisible = 0;
			defaultConfigurationName = Release;
		};
		C3308018286A27AF003DA8E5 /* Build configuration list for PBXNativeTarget "Socialcademy" */ = {
			isa = XCConfigurationList;
			buildConfigurations = (
				C3308019286A27AF003DA8E5 /* Debug */,
				C330801A286A27AF003DA8E5 /* Release */,
			);
			defaultConfigurationIsVisible = 0;
			defaultConfigurationName = Release;
		};
/* End XCConfigurationList section */

/* Begin XCRemoteSwiftPackageReference section */
		C330801B286A294D003DA8E5 /* XCRemoteSwiftPackageReference "firebase-ios-sdk" */ = {
			isa = XCRemoteSwiftPackageReference;
			repositoryURL = "https://github.com/firebase/firebase-ios-sdk.git";
			requirement = {
				kind = upToNextMajorVersion;
				minimumVersion = 9.0.0;
			};
		};
/* End XCRemoteSwiftPackageReference section */

/* Begin XCSwiftPackageProductDependency section */
		C330801C286A294D003DA8E5 /* FirebaseAnalytics */ = {
			isa = XCSwiftPackageProductDependency;
			package = C330801B286A294D003DA8E5 /* XCRemoteSwiftPackageReference "firebase-ios-sdk" */;
			productName = FirebaseAnalytics;
		};
		C330801E286A294D003DA8E5 /* FirebaseFirestore */ = {
			isa = XCSwiftPackageProductDependency;
			package = C330801B286A294D003DA8E5 /* XCRemoteSwiftPackageReference "firebase-ios-sdk" */;
			productName = FirebaseFirestore;
		};
		C3308020286A294D003DA8E5 /* FirebaseFirestoreSwift */ = {
			isa = XCSwiftPackageProductDependency;
			package = C330801B286A294D003DA8E5 /* XCRemoteSwiftPackageReference "firebase-ios-sdk" */;
			productName = FirebaseFirestoreSwift;
		};
/* End XCSwiftPackageProductDependency section */
	};
	rootObject = C3308002286A27AA003DA8E5 /* Project object */;
}
